
Microsoft Visual Studio Solution File, Format Version 12.00
# Visual Studio Version 17
VisualStudioVersion = 17.0.31912.275
MinimumVisualStudioVersion = 10.0.40219.1
Project("{FAE04EC0-301F-11D3-BF4B-00C04F79EFBC}") = "Dira", "Dira.csproj", "{BA625EBE-C9DD-4E34-8E69-C47503D694A1}"
EndProject
Project("{FAE04EC0-301F-11D3-BF4B-00C04F79EFBC}") = "Dira.Data", "..\Dira.Data\Dira.Data.csproj", "{78EF7FC3-E616-46AE-BD25-EB757A74DF8E}"
EndProject
Project("{FAE04EC0-301F-11D3-BF4B-00C04F79EFBC}") = "Dira.Services", "..\Dira.Services\Dira.Services.csproj", "{EBDE5926-A4BC-43CE-B094-B1FCDD2EFF27}"
EndProject
Project("{FAE04EC0-301F-11D3-BF4B-00C04F79EFBC}") = "Dira.ViewModels", "..\Dira.ViewModels\Dira.ViewModels.csproj", "{51A4731E-E615-4EC8-8842-824393FC9E9E}"
EndProject
Global
	GlobalSection(SolutionConfigurationPlatforms) = preSolution
		Debug|Any CPU = Debug|Any CPU
		Release|Any CPU = Release|Any CPU
	EndGlobalSection
	GlobalSection(ProjectConfigurationPlatforms) = postSolution
		{BA625EBE-C9DD-4E34-8E69-C47503D694A1}.Debug|Any CPU.ActiveCfg = Debug|Any CPU
		{BA625EBE-C9DD-4E34-8E69-C47503D694A1}.Debug|Any CPU.Build.0 = Debug|Any CPU
		{BA625EBE-C9DD-4E34-8E69-C47503D694A1}.Release|Any CPU.ActiveCfg = Release|Any CPU
		{BA625EBE-C9DD-4E34-8E69-C47503D694A1}.Release|Any CPU.Build.0 = Release|Any CPU
		{78EF7FC3-E616-46AE-BD25-EB757A74DF8E}.Debug|Any CPU.ActiveCfg = Debug|Any CPU
		{78EF7FC3-E616-46AE-BD25-EB757A74DF8E}.Debug|Any CPU.Build.0 = Debug|Any CPU
		{78EF7FC3-E616-46AE-BD25-EB757A74DF8E}.Release|Any CPU.ActiveCfg = Release|Any CPU
		{78EF7FC3-E616-46AE-BD25-EB757A74DF8E}.Release|Any CPU.Build.0 = Release|Any CPU
		{EBDE5926-A4BC-43CE-B094-B1FCDD2EFF27}.Debug|Any CPU.ActiveCfg = Debug|Any CPU
		{EBDE5926-A4BC-43CE-B094-B1FCDD2EFF27}.Debug|Any CPU.Build.0 = Debug|Any CPU
		{EBDE5926-A4BC-43CE-B094-B1FCDD2EFF27}.Release|Any CPU.ActiveCfg = Release|Any CPU
		{EBDE5926-A4BC-43CE-B094-B1FCDD2EFF27}.Release|Any CPU.Build.0 = Release|Any CPU
		{51A4731E-E615-4EC8-8842-824393FC9E9E}.Debug|Any CPU.ActiveCfg = Debug|Any CPU
		{51A4731E-E615-4EC8-8842-824393FC9E9E}.Debug|Any CPU.Build.0 = Debug|Any CPU
		{51A4731E-E615-4EC8-8842-824393FC9E9E}.Release|Any CPU.ActiveCfg = Release|Any CPU
		{51A4731E-E615-4EC8-8842-824393FC9E9E}.Release|Any CPU.Build.0 = Release|Any CPU
	EndGlobalSection
	GlobalSection(SolutionProperties) = preSolution
		HideSolutionNode = FALSE
	EndGlobalSection
	GlobalSection(ExtensibilityGlobals) = postSolution
		SolutionGuid = {9098FDB6-DBF9-4DA4-9A0D-90330B6828AF}
	EndGlobalSection
EndGlobal
